{
  "lockfile_version": "1",
  "packages": {
    "go-task@3.39.2": {
      "last_modified": "2024-11-16T04:25:12Z",
      "resolved": "github:NixOS/nixpkgs/34a626458d686f1b58139620a8b2793e9e123bba#go-task",
      "source": "devbox-search",
      "version": "3.39.2",
      "systems": {
        "aarch64-darwin": {
          "outputs": [
            {
              "name": "out",
              "path": "/nix/store/n10k2bgg3kzp5r261m8lyyh1bmzwnxbm-go-task-3.39.2",
              "default": true
            }
          ],
          "store_path": "/nix/store/n10k2bgg3kzp5r261m8lyyh1bmzwnxbm-go-task-3.39.2"
        },
        "aarch64-linux": {
          "outputs": [
            {
              "name": "out",
              "path": "/nix/store/bi9d428x6r8hcngb7x7ijihp3ln6qjai-go-task-3.39.2",
              "default": true
            }
          ],
          "store_path": "/nix/store/bi9d428x6r8hcngb7x7ijihp3ln6qjai-go-task-3.39.2"
        },
        "x86_64-darwin": {
          "outputs": [
            {
              "name": "out",
              "path": "/nix/store/69byf24r00663kdim1yi4p04w53rvsix-go-task-3.39.2",
              "default": true
            }
          ],
          "store_path": "/nix/store/69byf24r00663kdim1yi4p04w53rvsix-go-task-3.39.2"
        },
        "x86_64-linux": {
          "outputs": [
            {
              "name": "out",
              "path": "/nix/store/055l0sbqwyhrq8zmzf51lbpgm3asdfz2-go-task-3.39.2",
              "default": true
            }
          ],
          "store_path": "/nix/store/055l0sbqwyhrq8zmzf51lbpgm3asdfz2-go-task-3.39.2"
        }
      }
    },
    "golangci-lint@1.61.0": {
      "last_modified": "2024-11-03T14:18:04Z",
      "resolved": "github:NixOS/nixpkgs/4ae2e647537bcdbb82265469442713d066675275#golangci-lint",
      "source": "devbox-search",
      "version": "1.61.0",
      "systems": {
        "aarch64-darwin": {
          "outputs": [
            {
              "name": "out",
              "path": "/nix/store/vm7syji08qh6q1s7ckd777p7kcjflx9b-golangci-lint-1.61.0",
              "default": true
            }
          ],
          "store_path": "/nix/store/vm7syji08qh6q1s7ckd777p7kcjflx9b-golangci-lint-1.61.0"
        },
        "aarch64-linux": {
          "outputs": [
            {
              "name": "out",
              "path": "/nix/store/6vx22sm4x9lmyqswq7svmih0q68c92lg-golangci-lint-1.61.0",
              "default": true
            }
          ],
          "store_path": "/nix/store/6vx22sm4x9lmyqswq7svmih0q68c92lg-golangci-lint-1.61.0"
        },
        "x86_64-darwin": {
          "outputs": [
            {
              "name": "out",
              "path": "/nix/store/ipn5pi90mallx4d4c923h3rc7bpmiwz9-golangci-lint-1.61.0",
              "default": true
            }
          ],
          "store_path": "/nix/store/ipn5pi90mallx4d4c923h3rc7bpmiwz9-golangci-lint-1.61.0"
        },
        "x86_64-linux": {
          "outputs": [
            {
              "name": "out",
              "path": "/nix/store/bz2kxbkb9yxdkz2pdl640g32xyqxqd4c-golangci-lint-1.61.0",
              "default": true
            }
          ],
          "store_path": "/nix/store/bz2kxbkb9yxdkz2pdl640g32xyqxqd4c-golangci-lint-1.61.0"
        }
      }
    }
  }
}
